
Microsoft Visual Studio Solution File, Format Version 12.00
# Visual Studio Version 17
VisualStudioVersion = 17.9.34622.214
MinimumVisualStudioVersion = 10.0.40219.1
Project("{2150E333-8FDC-42A3-9474-1A3956D46DE8}") = "Services", "Services", "{1CBCDDDA-B7C0-43ED-8EAB-53F700009291}"
EndProject
Project("{2150E333-8FDC-42A3-9474-1A3956D46DE8}") = "Catalog", "Catalog", "{0D1D17EF-882D-40AB-B1F0-B2A8870157AE}"
EndProject
Project("{9A19103F-16F7-4668-BE54-9A1E7A4F7556}") = "Catalog.API", "Services\Catalog\Catalog.API\Catalog.API.csproj", "{7212E130-91DD-41DB-A737-8E2E5F536092}"
EndProject
Project("{2150E333-8FDC-42A3-9474-1A3956D46DE8}") = "BuildingBlocks", "BuildingBlocks", "{DC53AD06-B300-40C3-91F8-078B1AB2D0AF}"
EndProject
Project("{9A19103F-16F7-4668-BE54-9A1E7A4F7556}") = "BuildingBlocks", "BuildingBlocks\BuildingBlocks\BuildingBlocks.csproj", "{BF622B93-5AC5-4496-AC7B-381CCBD83259}"
EndProject
Project("{E53339B2-1760-4266-BCC7-CA923CBCF16C}") = "docker-compose", "docker-compose.dcproj", "{81F1713D-74FC-4A50-B6F4-A45C7AAC9EF7}"
EndProject
Global
	GlobalSection(SolutionConfigurationPlatforms) = preSolution
		Debug|Any CPU = Debug|Any CPU
		Release|Any CPU = Release|Any CPU
	EndGlobalSection
	GlobalSection(ProjectConfigurationPlatforms) = postSolution
		{7212E130-91DD-41DB-A737-8E2E5F536092}.Debug|Any CPU.ActiveCfg = Debug|Any CPU
		{7212E130-91DD-41DB-A737-8E2E5F536092}.Debug|Any CPU.Build.0 = Debug|Any CPU
		{7212E130-91DD-41DB-A737-8E2E5F536092}.Release|Any CPU.ActiveCfg = Release|Any CPU
		{7212E130-91DD-41DB-A737-8E2E5F536092}.Release|Any CPU.Build.0 = Release|Any CPU
		{BF622B93-5AC5-4496-AC7B-381CCBD83259}.Debug|Any CPU.ActiveCfg = Debug|Any CPU
		{BF622B93-5AC5-4496-AC7B-381CCBD83259}.Debug|Any CPU.Build.0 = Debug|Any CPU
		{BF622B93-5AC5-4496-AC7B-381CCBD83259}.Release|Any CPU.ActiveCfg = Release|Any CPU
		{BF622B93-5AC5-4496-AC7B-381CCBD83259}.Release|Any CPU.Build.0 = Release|Any CPU
		{81F1713D-74FC-4A50-B6F4-A45C7AAC9EF7}.Debug|Any CPU.ActiveCfg = Debug|Any CPU
		{81F1713D-74FC-4A50-B6F4-A45C7AAC9EF7}.Debug|Any CPU.Build.0 = Debug|Any CPU
		{81F1713D-74FC-4A50-B6F4-A45C7AAC9EF7}.Release|Any CPU.ActiveCfg = Release|Any CPU
		{81F1713D-74FC-4A50-B6F4-A45C7AAC9EF7}.Release|Any CPU.Build.0 = Release|Any CPU
	EndGlobalSection
	GlobalSection(SolutionProperties) = preSolution
		HideSolutionNode = FALSE
	EndGlobalSection
	GlobalSection(NestedProjects) = preSolution
		{0D1D17EF-882D-40AB-B1F0-B2A8870157AE} = {1CBCDDDA-B7C0-43ED-8EAB-53F700009291}
		{7212E130-91DD-41DB-A737-8E2E5F536092} = {0D1D17EF-882D-40AB-B1F0-B2A8870157AE}
		{BF622B93-5AC5-4496-AC7B-381CCBD83259} = {DC53AD06-B300-40C3-91F8-078B1AB2D0AF}
	EndGlobalSection
	GlobalSection(ExtensibilityGlobals) = postSolution
		SolutionGuid = {024B1619-731C-4B43-AED8-6D456074F32C}
	EndGlobalSection
EndGlobal
